
Microsoft Visual Studio Solution File, Format Version 12.00
# Visual Studio Version 17
VisualStudioVersion = 17.5.002.0
MinimumVisualStudioVersion = 10.0.40219.1
Project("{9A19103F-16F7-4668-BE54-9A1E7A4F7556}") = "SeleniumBot", "SeleniumBot.csproj", "{C37F5C4D-3703-4148-8B24-A5AED7DA3684}"
EndProject
Global
	GlobalSection(SolutionConfigurationPlatforms) = preSolution
		Debug|Any CPU = Debug|Any CPU
		Release|Any CPU = Release|Any CPU
	EndGlobalSection
	GlobalSection(ProjectConfigurationPlatforms) = postSolution
		{C37F5C4D-3703-4148-8B24-A5AED7DA3684}.Debug|Any CPU.ActiveCfg = Debug|Any CPU
		{C37F5C4D-3703-4148-8B24-A5AED7DA3684}.Debug|Any CPU.Build.0 = Debug|Any CPU
		{C37F5C4D-3703-4148-8B24-A5AED7DA3684}.Release|Any CPU.ActiveCfg = Release|Any CPU
		{C37F5C4D-3703-4148-8B24-A5AED7DA3684}.Release|Any CPU.Build.0 = Release|Any CPU
	EndGlobalSection
	GlobalSection(SolutionProperties) = preSolution
		HideSolutionNode = FALSE
	EndGlobalSection
	GlobalSection(ExtensibilityGlobals) = postSolution
		SolutionGuid = {4356B1C4-22A6-4990-ADF4-0BC82E7E27A5}
	EndGlobalSection
EndGlobal
